
Microsoft Visual Studio Solution File, Format Version 12.00
# Visual Studio 15
VisualStudioVersion = 15.0.26430.13
MinimumVisualStudioVersion = 10.0.40219.1
Project("{FAE04EC0-301F-11D3-BF4B-00C04F79EFBC}") = "FluentMigratorDemo", "ClassLibrary1\FluentMigratorDemo.csproj", "{93AAA267-ECE3-451C-B2FF-0D7B962452BC}"
EndProject
Project("{00D1A9C2-B5F0-4AF3-8072-F6C62B433612}") = "Database", "Database1\Database.sqlproj", "{AB8854B6-82C2-4033-B5C8-9DAA25C1BA0E}"
EndProject
Global
	GlobalSection(SolutionConfigurationPlatforms) = preSolution
		Debug|Any CPU = Debug|Any CPU
		Release|Any CPU = Release|Any CPU
	EndGlobalSection
	GlobalSection(ProjectConfigurationPlatforms) = postSolution
		{93AAA267-ECE3-451C-B2FF-0D7B962452BC}.Debug|Any CPU.ActiveCfg = Debug|Any CPU
		{93AAA267-ECE3-451C-B2FF-0D7B962452BC}.Debug|Any CPU.Build.0 = Debug|Any CPU
		{93AAA267-ECE3-451C-B2FF-0D7B962452BC}.Release|Any CPU.ActiveCfg = Release|Any CPU
		{93AAA267-ECE3-451C-B2FF-0D7B962452BC}.Release|Any CPU.Build.0 = Release|Any CPU
		{AB8854B6-82C2-4033-B5C8-9DAA25C1BA0E}.Debug|Any CPU.ActiveCfg = Debug|Any CPU
		{AB8854B6-82C2-4033-B5C8-9DAA25C1BA0E}.Debug|Any CPU.Build.0 = Debug|Any CPU
		{AB8854B6-82C2-4033-B5C8-9DAA25C1BA0E}.Debug|Any CPU.Deploy.0 = Debug|Any CPU
		{AB8854B6-82C2-4033-B5C8-9DAA25C1BA0E}.Release|Any CPU.ActiveCfg = Release|Any CPU
		{AB8854B6-82C2-4033-B5C8-9DAA25C1BA0E}.Release|Any CPU.Build.0 = Release|Any CPU
		{AB8854B6-82C2-4033-B5C8-9DAA25C1BA0E}.Release|Any CPU.Deploy.0 = Release|Any CPU
	EndGlobalSection
	GlobalSection(SolutionProperties) = preSolution
		HideSolutionNode = FALSE
	EndGlobalSection
EndGlobal
